// !$*UTF8*$!
{
	archiveVersion = 1;
	classes = {
	};
	objectVersion = 46;
	objects = {

/* Begin PBXBuildFile section */
		188317581B137DB00053DC6A /* main.m in Sources */ = {isa = PBXBuildFile; fileRef = 188317571B137DB00053DC6A /* main.m */; };
		1883175B1B137DB00053DC6A /* AppDelegate.m in Sources */ = {isa = PBXBuildFile; fileRef = 1883175A1B137DB00053DC6A /* AppDelegate.m */; };
		1883175E1B137DB00053DC6A /* ViewController.m in Sources */ = {isa = PBXBuildFile; fileRef = 1883175D1B137DB00053DC6A /* ViewController.m */; };
		188317611B137DB00053DC6A /* Main.storyboard in Resources */ = {isa = PBXBuildFile; fileRef = 1883175F1B137DB00053DC6A /* Main.storyboard */; };
		188317631B137DB00053DC6A /* Images.xcassets in Resources */ = {isa = PBXBuildFile; fileRef = 188317621B137DB00053DC6A /* Images.xcassets */; };
		188317661B137DB00053DC6A /* LaunchScreen.xib in Resources */ = {isa = PBXBuildFile; fileRef = 188317641B137DB00053DC6A /* LaunchScreen.xib */; };
		188317721B137DB00053DC6A /* saoSevenTests.m in Sources */ = {isa = PBXBuildFile; fileRef = 188317711B137DB00053DC6A /* saoSevenTests.m */; };
		1883177D1B137E380053DC6A /* saoSeven.m in Sources */ = {isa = PBXBuildFile; fileRef = 1883177C1B137E380053DC6A /* saoSeven.m */; };
/* End PBXBuildFile section */

/* Begin PBXContainerItemProxy section */
		1883176C1B137DB00053DC6A /* PBXContainerItemProxy */ = {
			isa = PBXContainerItemProxy;
			containerPortal = 1883174A1B137DB00053DC6A /* Project object */;
			proxyType = 1;
			remoteGlobalIDString = 188317511B137DB00053DC6A;
			remoteInfo = saoSeven;
		};
/* End PBXContainerItemProxy section */

/* Begin PBXFileReference section */
		188317521B137DB00053DC6A /* saoSeven.app */ = {isa = PBXFileReference; explicitFileType = wrapper.application; includeInIndex = 0; path = saoSeven.app; sourceTree = BUILT_PRODUCTS_DIR; };
		188317561B137DB00053DC6A /* Info.plist */ = {isa = PBXFileReference; lastKnownFileType = text.plist.xml; path = Info.plist; sourceTree = "<group>"; };
		188317571B137DB00053DC6A /* main.m */ = {isa = PBXFileReference; lastKnownFileType = sourcecode.c.objc; path = main.m; sourceTree = "<group>"; };
		188317591B137DB00053DC6A /* AppDelegate.h */ = {isa = PBXFileReference; lastKnownFileType = sourcecode.c.h; path = AppDelegate.h; sourceTree = "<group>"; };
		1883175A1B137DB00053DC6A /* AppDelegate.m */ = {isa = PBXFileReference; lastKnownFileType = sourcecode.c.objc; path = AppDelegate.m; sourceTree = "<group>"; };
		1883175C1B137DB00053DC6A /* ViewController.h */ = {isa = PBXFileReference; lastKnownFileType = sourcecode.c.h; path = ViewController.h; sourceTree = "<group>"; };
		1883175D1B137DB00053DC6A /* ViewController.m */ = {isa = PBXFileReference; lastKnownFileType = sourcecode.c.objc; path = ViewController.m; sourceTree = "<group>"; };
		188317601B137DB00053DC6A /* Base */ = {isa = PBXFileReference; lastKnownFileType = file.storyboard; name = Base; path = Base.lproj/Main.storyboard; sourceTree = "<group>"; };
		188317621B137DB00053DC6A /* Images.xcassets */ = {isa = PBXFileReference; lastKnownFileType = folder.assetcatalog; path = Images.xcassets; sourceTree = "<group>"; };
		188317651B137DB00053DC6A /* Base */ = {isa = PBXFileReference; lastKnownFileType = file.xib; name = Base; path = Base.lproj/LaunchScreen.xib; sourceTree = "<group>"; };
		1883176B1B137DB00053DC6A /* saoSevenTests.xctest */ = {isa = PBXFileReference; explicitFileType = wrapper.cfbundle; includeInIndex = 0; path = saoSevenTests.xctest; sourceTree = BUILT_PRODUCTS_DIR; };
		188317701B137DB00053DC6A /* Info.plist */ = {isa = PBXFileReference; lastKnownFileType = text.plist.xml; path = Info.plist; sourceTree = "<group>"; };
		188317711B137DB00053DC6A /* saoSevenTests.m */ = {isa = PBXFileReference; lastKnownFileType = sourcecode.c.objc; path = saoSevenTests.m; sourceTree = "<group>"; };
		1883177B1B137E380053DC6A /* saoSeven.h */ = {isa = PBXFileReference; fileEncoding = 4; lastKnownFileType = sourcecode.c.h; path = saoSeven.h; sourceTree = "<group>"; };
		1883177C1B137E380053DC6A /* saoSeven.m */ = {isa = PBXFileReference; fileEncoding = 4; lastKnownFileType = sourcecode.c.objc; path = saoSeven.m; sourceTree = "<group>"; };
/* End PBXFileReference section */

/* Begin PBXFrameworksBuildPhase section */
		1883174F1B137DB00053DC6A /* Frameworks */ = {
			isa = PBXFrameworksBuildPhase;
			buildActionMask = 2147483647;
			files = (
			);
			runOnlyForDeploymentPostprocessing = 0;
		};
		188317681B137DB00053DC6A /* Frameworks */ = {
			isa = PBXFrameworksBuildPhase;
			buildActionMask = 2147483647;
			files = (
			);
			runOnlyForDeploymentPostprocessing = 0;
		};
/* End PBXFrameworksBuildPhase section */

/* Begin PBXGroup section */
		188317491B137DB00053DC6A = {
			isa = PBXGroup;
			children = (
				188317541B137DB00053DC6A /* saoSeven */,
				1883176E1B137DB00053DC6A /* saoSevenTests */,
				188317531B137DB00053DC6A /* Products */,
			);
			sourceTree = "<group>";
		};
		188317531B137DB00053DC6A /* Products */ = {
			isa = PBXGroup;
			children = (
				188317521B137DB00053DC6A /* saoSeven.app */,
				1883176B1B137DB00053DC6A /* saoSevenTests.xctest */,
			);
			name = Products;
			sourceTree = "<group>";
		};
		188317541B137DB00053DC6A /* saoSeven */ = {
			isa = PBXGroup;
			children = (
				1883177B1B137E380053DC6A /* saoSeven.h */,
				1883177C1B137E380053DC6A /* saoSeven.m */,
				188317591B137DB00053DC6A /* AppDelegate.h */,
				1883175A1B137DB00053DC6A /* AppDelegate.m */,
				1883175C1B137DB00053DC6A /* ViewController.h */,
				1883175D1B137DB00053DC6A /* ViewController.m */,
				1883175F1B137DB00053DC6A /* Main.storyboard */,
				188317621B137DB00053DC6A /* Images.xcassets */,
				188317641B137DB00053DC6A /* LaunchScreen.xib */,
				188317551B137DB00053DC6A /* Supporting Files */,
			);
			path = saoSeven;
			sourceTree = "<group>";
		};
		188317551B137DB00053DC6A /* Supporting Files */ = {
			isa = PBXGroup;
			children = (
				188317561B137DB00053DC6A /* Info.plist */,
				188317571B137DB00053DC6A /* main.m */,
			);
			name = "Supporting Files";
			sourceTree = "<group>";
		};
		1883176E1B137DB00053DC6A /* saoSevenTests */ = {
			isa = PBXGroup;
			children = (
				188317711B137DB00053DC6A /* saoSevenTests.m */,
				1883176F1B137DB00053DC6A /* Supporting Files */,
			);
			path = saoSevenTests;
			sourceTree = "<group>";
		};
		1883176F1B137DB00053DC6A /* Supporting Files */ = {
			isa = PBXGroup;
			children = (
				188317701B137DB00053DC6A /* Info.plist */,
			);
			name = "Supporting Files";
			sourceTree = "<group>";
		};
/* End PBXGroup section */

/* Begin PBXNativeTarget section */
		188317511B137DB00053DC6A /* saoSeven */ = {
			isa = PBXNativeTarget;
			buildConfigurationList = 188317751B137DB00053DC6A /* Build configuration list for PBXNativeTarget "saoSeven" */;
			buildPhases = (
				1883174E1B137DB00053DC6A /* Sources */,
				1883174F1B137DB00053DC6A /* Frameworks */,
				188317501B137DB00053DC6A /* Resources */,
			);
			buildRules = (
			);
			dependencies = (
			);
			name = saoSeven;
			productName = saoSeven;
			productReference = 188317521B137DB00053DC6A /* saoSeven.app */;
			productType = "com.apple.product-type.application";
		};
		1883176A1B137DB00053DC6A /* saoSevenTests */ = {
			isa = PBXNativeTarget;
			buildConfigurationList = 188317781B137DB00053DC6A /* Build configuration list for PBXNativeTarget "saoSevenTests" */;
			buildPhases = (
				188317671B137DB00053DC6A /* Sources */,
				188317681B137DB00053DC6A /* Frameworks */,
				188317691B137DB00053DC6A /* Resources */,
			);
			buildRules = (
			);
			dependencies = (
				1883176D1B137DB00053DC6A /* PBXTargetDependency */,
			);
			name = saoSevenTests;
			productName = saoSevenTests;
			productReference = 1883176B1B137DB00053DC6A /* saoSevenTests.xctest */;
			productType = "com.apple.product-type.bundle.unit-test";
		};
/* End PBXNativeTarget section */

/* Begin PBXProject section */
		1883174A1B137DB00053DC6A /* Project object */ = {
			isa = PBXProject;
			attributes = {
				LastUpgradeCheck = 0630;
				ORGANIZATIONNAME = "J-style";
				TargetAttributes = {
					188317511B137DB00053DC6A = {
						CreatedOnToolsVersion = 6.3.2;
					};
					1883176A1B137DB00053DC6A = {
						CreatedOnToolsVersion = 6.3.2;
						TestTargetID = 188317511B137DB00053DC6A;
					};
				};
			};
			buildConfigurationList = 1883174D1B137DB00053DC6A /* Build configuration list for PBXProject "saoSeven" */;
			compatibilityVersion = "Xcode 3.2";
			developmentRegion = English;
			hasScannedForEncodings = 0;
			knownRegions = (
				en,
				Base,
			);
			mainGroup = 188317491B137DB00053DC6A;
			productRefGroup = 188317531B137DB00053DC6A /* Products */;
			projectDirPath = "";
			projectRoot = "";
			targets = (
				188317511B137DB00053DC6A /* saoSeven */,
				1883176A1B137DB00053DC6A /* saoSevenTests */,
			);
		};
/* End PBXProject section */

/* Begin PBXResourcesBuildPhase section */
		188317501B137DB00053DC6A /* Resources */ = {
			isa = PBXResourcesBuildPhase;
			buildActionMask = 2147483647;
			files = (
				188317611B137DB00053DC6A /* Main.storyboard in Resources */,
				188317661B137DB00053DC6A /* LaunchScreen.xib in Resources */,
				188317631B137DB00053DC6A /* Images.xcassets in Resources */,
			);
			runOnlyForDeploymentPostprocessing = 0;
		};
		188317691B137DB00053DC6A /* Resources */ = {
			isa = PBXResourcesBuildPhase;
			buildActionMask = 2147483647;
			files = (
			);
			runOnlyForDeploymentPostprocessing = 0;
		};
/* End PBXResourcesBuildPhase section */

/* Begin PBXSourcesBuildPhase section */
		1883174E1B137DB00053DC6A /* Sources */ = {
			isa = PBXSourcesBuildPhase;
			buildActionMask = 2147483647;
			files = (
				1883175E1B137DB00053DC6A /* ViewController.m in Sources */,
				1883177D1B137E380053DC6A /* saoSeven.m in Sources */,
				1883175B1B137DB00053DC6A /* AppDelegate.m in Sources */,
				188317581B137DB00053DC6A /* main.m in Sources */,
			);
			runOnlyForDeploymentPostprocessing = 0;
		};
		188317671B137DB00053DC6A /* Sources */ = {
			isa = PBXSourcesBuildPhase;
			buildActionMask = 2147483647;
			files = (
				188317721B137DB00053DC6A /* saoSevenTests.m in Sources */,
			);
			runOnlyForDeploymentPostprocessing = 0;
		};
/* End PBXSourcesBuildPhase section */

/* Begin PBXTargetDependency section */
		1883176D1B137DB00053DC6A /* PBXTargetDependency */ = {
			isa = PBXTargetDependency;
			target = 188317511B137DB00053DC6A /* saoSeven */;
			targetProxy = 1883176C1B137DB00053DC6A /* PBXContainerItemProxy */;
		};
/* End PBXTargetDependency section */

/* Begin PBXVariantGroup section */
		1883175F1B137DB00053DC6A /* Main.storyboard */ = {
			isa = PBXVariantGroup;
			children = (
				188317601B137DB00053DC6A /* Base */,
			);
			name = Main.storyboard;
			sourceTree = "<group>";
		};
		188317641B137DB00053DC6A /* LaunchScreen.xib */ = {
			isa = PBXVariantGroup;
			children = (
				188317651B137DB00053DC6A /* Base */,
			);
			name = LaunchScreen.xib;
			sourceTree = "<group>";
		};
/* End PBXVariantGroup section */

/* Begin XCBuildConfiguration section */
		188317731B137DB00053DC6A /* Debug */ = {
			isa = XCBuildConfiguration;
			buildSettings = {
				ALWAYS_SEARCH_USER_PATHS = NO;
				CLANG_CXX_LANGUAGE_STANDARD = "gnu++0x";
				CLANG_CXX_LIBRARY = "libc++";
				CLANG_ENABLE_MODULES = YES;
				CLANG_ENABLE_OBJC_ARC = YES;
				CLANG_WARN_BOOL_CONVERSION = YES;
				CLANG_WARN_CONSTANT_CONVERSION = YES;
				CLANG_WARN_DIRECT_OBJC_ISA_USAGE = YES_ERROR;
				CLANG_WARN_EMPTY_BODY = YES;
				CLANG_WARN_ENUM_CONVERSION = YES;
				CLANG_WARN_INT_CONVERSION = YES;
				CLANG_WARN_OBJC_ROOT_CLASS = YES_ERROR;
				CLANG_WARN_UNREACHABLE_CODE = YES;
				CLANG_WARN__DUPLICATE_METHOD_MATCH = YES;
				"CODE_SIGN_IDENTITY[sdk=iphoneos*]" = "iPhone Developer";
				COPY_PHASE_STRIP = NO;
				DEBUG_INFORMATION_FORMAT = "dwarf-with-dsym";
				ENABLE_STRICT_OBJC_MSGSEND = YES;
				GCC_C_LANGUAGE_STANDARD = gnu99;
				GCC_DYNAMIC_NO_PIC = NO;
				GCC_NO_COMMON_BLOCKS = YES;
				GCC_OPTIMIZATION_LEVEL = 0;
				GCC_PREPROCESSOR_DEFINITIONS = (
					"DEBUG=1",
					"$(inherited)",
				);
				GCC_SYMBOLS_PRIVATE_EXTERN = NO;
				GCC_WARN_64_TO_32_BIT_CONVERSION = YES;
				GCC_WARN_ABOUT_RETURN_TYPE = YES_ERROR;
				GCC_WARN_UNDECLARED_SELECTOR = YES;
				GCC_WARN_UNINITIALIZED_AUTOS = YES_AGGRESSIVE;
				GCC_WARN_UNUSED_FUNCTION = YES;
				GCC_WARN_UNUSED_VARIABLE = YES;
				IPHONEOS_DEPLOYMENT_TARGET = 8.3;
				MTL_ENABLE_DEBUG_INFO = YES;
				ONLY_ACTIVE_ARCH = YES;
				SDKROOT = iphoneos;
				TARGETED_DEVICE_FAMILY = "1,2";
			};
			name = Debug;
		};
		188317741B137DB00053DC6A /* Release */ = {
			isa = XCBuildConfiguration;
			buildSettings = {
				ALWAYS_SEARCH_USER_PATHS = NO;
				CLANG_CXX_LANGUAGE_STANDARD = "gnu++0x";
				CLANG_CXX_LIBRARY = "libc++";
				CLANG_ENABLE_MODULES = YES;
				CLANG_ENABLE_OBJC_ARC = YES;
				CLANG_WARN_BOOL_CONVERSION = YES;
				CLANG_WARN_CONSTANT_CONVERSION = YES;
				CLANG_WARN_DIRECT_OBJC_ISA_USAGE = YES_ERROR;
				CLANG_WARN_EMPTY_BODY = YES;
				CLANG_WARN_ENUM_CONVERSION = YES;
				CLANG_WARN_INT_CONVERSION = YES;
				CLANG_WARN_OBJC_ROOT_CLASS = YES_ERROR;
				CLANG_WARN_UNREACHABLE_CODE = YES;
				CLANG_WARN__DUPLICATE_METHOD_MATCH = YES;
				"CODE_SIGN_IDENTITY[sdk=iphoneos*]" = "iPhone Developer";
				COPY_PHASE_STRIP = NO;
				DEBUG_INFORMATION_FORMAT = "dwarf-with-dsym";
				ENABLE_NS_ASSERTIONS = NO;
				ENABLE_STRICT_OBJC_MSGSEND = YES;
				GCC_C_LANGUAGE_STANDARD = gnu99;
				GCC_NO_COMMON_BLOCKS = YES;
				GCC_WARN_64_TO_32_BIT_CONVERSION = YES;
				GCC_WARN_ABOUT_RETURN_TYPE = YES_ERROR;
				GCC_WARN_UNDECLARED_SELECTOR = YES;
				GCC_WARN_UNINITIALIZED_AUTOS = YES_AGGRESSIVE;
				GCC_WARN_UNUSED_FUNCTION = YES;
				GCC_WARN_UNUSED_VARIABLE = YES;
				IPHONEOS_DEPLOYMENT_TARGET = 8.3;
				MTL_ENABLE_DEBUG_INFO = NO;
				SDKROOT = iphoneos;
				TARGETED_DEVICE_FAMILY = "1,2";
				VALIDATE_PRODUCT = YES;
			};
			name = Release;
		};
		188317761B137DB00053DC6A /* Debug */ = {
			isa = XCBuildConfiguration;
			buildSettings = {
				ASSETCATALOG_COMPILER_APPICON_NAME = AppIcon;
				INFOPLIST_FILE = saoSeven/Info.plist;
				IPHONEOS_DEPLOYMENT_TARGET = 7.0;
				LD_RUNPATH_SEARCH_PATHS = "$(inherited) @executable_path/Frameworks";
				PRODUCT_NAME = "$(TARGET_NAME)";
			};
			name = Debug;
		};
		188317771B137DB00053DC6A /* Release */ = {
			isa = XCBuildConfiguration;
			buildSettings = {
				ASSETCATALOG_COMPILER_APPICON_NAME = AppIcon;
				INFOPLIST_FILE = saoSeven/Info.plist;
				IPHONEOS_DEPLOYMENT_TARGET = 7.0;
				LD_RUNPATH_SEARCH_PATHS = "$(inherited) @executable_path/Frameworks";
				PRODUCT_NAME = "$(TARGET_NAME)";
			};
			name = Release;
		};
		188317791B137DB00053DC6A /* Debug */ = {
			isa = XCBuildConfiguration;
			buildSettings = {
				BUNDLE_LOADER = "$(TEST_HOST)";
				FRAMEWORK_SEARCH_PATHS = (
					"$(SDKROOT)/Developer/Library/Frameworks",
					"$(inherited)",
				);
				GCC_PREPROCESSOR_DEFINITIONS = (
					"DEBUG=1",
					"$(inherited)",
				);
				INFOPLIST_FILE = saoSevenTests/Info.plist;
				LD_RUNPATH_SEARCH_PATHS = "$(inherited) @executable_path/Frameworks @loader_path/Frameworks";
				PRODUCT_NAME = "$(TARGET_NAME)";
				TEST_HOST = "$(BUILT_PRODUCTS_DIR)/saoSeven.app/saoSeven";
			};
			name = Debug;
		};
		1883177A1B137DB00053DC6A /* Release */ = {
			isa = XCBuildConfiguration;
			buildSettings = {
				BUNDLE_LOADER = "$(TEST_HOST)";
				FRAMEWORK_SEARCH_PATHS = (
					"$(SDKROOT)/Developer/Library/Frameworks",
					"$(inherited)",
				);
				INFOPLIST_FILE = saoSevenTests/Info.plist;
				LD_RUNPATH_SEARCH_PATHS = "$(inherited) @executable_path/Frameworks @loader_path/Frameworks";
				PRODUCT_NAME = "$(TARGET_NAME)";
				TEST_HOST = "$(BUILT_PRODUCTS_DIR)/saoSeven.app/saoSeven";
			};
			name = Release;
		};
/* End XCBuildConfiguration section */

/* Begin XCConfigurationList section */
		1883174D1B137DB00053DC6A /* Build configuration list for PBXProject "saoSeven" */ = {
			isa = XCConfigurationList;
			buildConfigurations = (
				188317731B137DB00053DC6A /* Debug */,
				188317741B137DB00053DC6A /* Release */,
			);
			defaultConfigurationIsVisible = 0;
			defaultConfigurationName = Release;
		};
		188317751B137DB00053DC6A /* Build configuration list for PBXNativeTarget "saoSeven" */ = {
			isa = XCConfigurationList;
			buildConfigurations = (
				188317761B137DB00053DC6A /* Debug */,
				188317771B137DB00053DC6A /* Release */,
			);
			defaultConfigurationIsVisible = 0;
			defaultConfigurationName = Release;
		};
		188317781B137DB00053DC6A /* Build configuration list for PBXNativeTarget "saoSevenTests" */ = {
			isa = XCConfigurationList;
			buildConfigurations = (
				188317791B137DB00053DC6A /* Debug */,
				1883177A1B137DB00053DC6A /* Release */,
			);
			defaultConfigurationIsVisible = 0;
			defaultConfigurationName = Release;
		};
/* End XCConfigurationList section */
	};
	rootObject = 1883174A1B137DB00053DC6A /* Project object */;
}
