// !$*UTF8*$!
{
	archiveVersion = 1;
	classes = {
	};
	objectVersion = 46;
	objects = {

/* Begin PBXBuildFile section */
		67C4537D1AE3F1E200C595AD /* main.m in Sources */ = {isa = PBXBuildFile; fileRef = 67C4537C1AE3F1E200C595AD /* main.m */; };
		67C453801AE3F1E200C595AD /* AppDelegate.m in Sources */ = {isa = PBXBuildFile; fileRef = 67C4537F1AE3F1E200C595AD /* AppDelegate.m */; };
		67C453831AE3F1E200C595AD /* ViewController.m in Sources */ = {isa = PBXBuildFile; fileRef = 67C453821AE3F1E200C595AD /* ViewController.m */; };
		67C453861AE3F1E200C595AD /* Main.storyboard in Resources */ = {isa = PBXBuildFile; fileRef = 67C453841AE3F1E200C595AD /* Main.storyboard */; };
		67C453881AE3F1E200C595AD /* Images.xcassets in Resources */ = {isa = PBXBuildFile; fileRef = 67C453871AE3F1E200C595AD /* Images.xcassets */; };
		67C4538B1AE3F1E200C595AD /* LaunchScreen.xib in Resources */ = {isa = PBXBuildFile; fileRef = 67C453891AE3F1E200C595AD /* LaunchScreen.xib */; };
		67C453971AE3F1E200C595AD /* YUChineseSortingTests.m in Sources */ = {isa = PBXBuildFile; fileRef = 67C453961AE3F1E200C595AD /* YUChineseSortingTests.m */; };
		67C453A41AE3F21F00C595AD /* pinyin.m in Sources */ = {isa = PBXBuildFile; fileRef = 67C453A21AE3F21F00C595AD /* pinyin.m */; };
		67C453AA1AE3F28400C595AD /* ChineseString.m in Sources */ = {isa = PBXBuildFile; fileRef = 67C453A91AE3F28400C595AD /* ChineseString.m */; };
/* End PBXBuildFile section */

/* Begin PBXContainerItemProxy section */
		67C453911AE3F1E200C595AD /* PBXContainerItemProxy */ = {
			isa = PBXContainerItemProxy;
			containerPortal = 67C4536F1AE3F1E200C595AD /* Project object */;
			proxyType = 1;
			remoteGlobalIDString = 67C453761AE3F1E200C595AD;
			remoteInfo = YUChineseSorting;
		};
/* End PBXContainerItemProxy section */

/* Begin PBXFileReference section */
		67C453771AE3F1E200C595AD /* YUChineseSorting.app */ = {isa = PBXFileReference; explicitFileType = wrapper.application; includeInIndex = 0; path = YUChineseSorting.app; sourceTree = BUILT_PRODUCTS_DIR; };
		67C4537B1AE3F1E200C595AD /* Info.plist */ = {isa = PBXFileReference; lastKnownFileType = text.plist.xml; path = Info.plist; sourceTree = "<group>"; };
		67C4537C1AE3F1E200C595AD /* main.m */ = {isa = PBXFileReference; lastKnownFileType = sourcecode.c.objc; path = main.m; sourceTree = "<group>"; };
		67C4537E1AE3F1E200C595AD /* AppDelegate.h */ = {isa = PBXFileReference; lastKnownFileType = sourcecode.c.h; path = AppDelegate.h; sourceTree = "<group>"; };
		67C4537F1AE3F1E200C595AD /* AppDelegate.m */ = {isa = PBXFileReference; lastKnownFileType = sourcecode.c.objc; path = AppDelegate.m; sourceTree = "<group>"; };
		67C453811AE3F1E200C595AD /* ViewController.h */ = {isa = PBXFileReference; lastKnownFileType = sourcecode.c.h; path = ViewController.h; sourceTree = "<group>"; };
		67C453821AE3F1E200C595AD /* ViewController.m */ = {isa = PBXFileReference; lastKnownFileType = sourcecode.c.objc; path = ViewController.m; sourceTree = "<group>"; };
		67C453851AE3F1E200C595AD /* Base */ = {isa = PBXFileReference; lastKnownFileType = file.storyboard; name = Base; path = Base.lproj/Main.storyboard; sourceTree = "<group>"; };
		67C453871AE3F1E200C595AD /* Images.xcassets */ = {isa = PBXFileReference; lastKnownFileType = folder.assetcatalog; path = Images.xcassets; sourceTree = "<group>"; };
		67C4538A1AE3F1E200C595AD /* Base */ = {isa = PBXFileReference; lastKnownFileType = file.xib; name = Base; path = Base.lproj/LaunchScreen.xib; sourceTree = "<group>"; };
		67C453901AE3F1E200C595AD /* YUChineseSortingTests.xctest */ = {isa = PBXFileReference; explicitFileType = wrapper.cfbundle; includeInIndex = 0; path = YUChineseSortingTests.xctest; sourceTree = BUILT_PRODUCTS_DIR; };
		67C453951AE3F1E200C595AD /* Info.plist */ = {isa = PBXFileReference; lastKnownFileType = text.plist.xml; path = Info.plist; sourceTree = "<group>"; };
		67C453961AE3F1E200C595AD /* YUChineseSortingTests.m */ = {isa = PBXFileReference; lastKnownFileType = sourcecode.c.objc; path = YUChineseSortingTests.m; sourceTree = "<group>"; };
		67C453A21AE3F21F00C595AD /* pinyin.m */ = {isa = PBXFileReference; fileEncoding = 4; lastKnownFileType = sourcecode.c.objc; path = pinyin.m; sourceTree = "<group>"; };
		67C453A31AE3F21F00C595AD /* pinyin.h */ = {isa = PBXFileReference; fileEncoding = 4; lastKnownFileType = sourcecode.c.h; path = pinyin.h; sourceTree = "<group>"; };
		67C453A81AE3F28400C595AD /* ChineseString.h */ = {isa = PBXFileReference; fileEncoding = 4; lastKnownFileType = sourcecode.c.h; path = ChineseString.h; sourceTree = "<group>"; };
		67C453A91AE3F28400C595AD /* ChineseString.m */ = {isa = PBXFileReference; fileEncoding = 4; lastKnownFileType = sourcecode.c.objc; path = ChineseString.m; sourceTree = "<group>"; };
/* End PBXFileReference section */

/* Begin PBXFrameworksBuildPhase section */
		67C453741AE3F1E200C595AD /* Frameworks */ = {
			isa = PBXFrameworksBuildPhase;
			buildActionMask = 2147483647;
			files = (
			);
			runOnlyForDeploymentPostprocessing = 0;
		};
		67C4538D1AE3F1E200C595AD /* Frameworks */ = {
			isa = PBXFrameworksBuildPhase;
			buildActionMask = 2147483647;
			files = (
			);
			runOnlyForDeploymentPostprocessing = 0;
		};
/* End PBXFrameworksBuildPhase section */

/* Begin PBXGroup section */
		67C4536E1AE3F1E200C595AD = {
			isa = PBXGroup;
			children = (
				67C453791AE3F1E200C595AD /* YUChineseSorting */,
				67C453931AE3F1E200C595AD /* YUChineseSortingTests */,
				67C453781AE3F1E200C595AD /* Products */,
			);
			sourceTree = "<group>";
		};
		67C453781AE3F1E200C595AD /* Products */ = {
			isa = PBXGroup;
			children = (
				67C453771AE3F1E200C595AD /* YUChineseSorting.app */,
				67C453901AE3F1E200C595AD /* YUChineseSortingTests.xctest */,
			);
			name = Products;
			sourceTree = "<group>";
		};
		67C453791AE3F1E200C595AD /* YUChineseSorting */ = {
			isa = PBXGroup;
			children = (
				67C453A11AE3F21200C595AD /* ChineseSorting */,
				67C4537E1AE3F1E200C595AD /* AppDelegate.h */,
				67C4537F1AE3F1E200C595AD /* AppDelegate.m */,
				67C453811AE3F1E200C595AD /* ViewController.h */,
				67C453821AE3F1E200C595AD /* ViewController.m */,
				67C453841AE3F1E200C595AD /* Main.storyboard */,
				67C453871AE3F1E200C595AD /* Images.xcassets */,
				67C453891AE3F1E200C595AD /* LaunchScreen.xib */,
				67C4537A1AE3F1E200C595AD /* Supporting Files */,
			);
			path = YUChineseSorting;
			sourceTree = "<group>";
		};
		67C4537A1AE3F1E200C595AD /* Supporting Files */ = {
			isa = PBXGroup;
			children = (
				67C4537B1AE3F1E200C595AD /* Info.plist */,
				67C4537C1AE3F1E200C595AD /* main.m */,
			);
			name = "Supporting Files";
			sourceTree = "<group>";
		};
		67C453931AE3F1E200C595AD /* YUChineseSortingTests */ = {
			isa = PBXGroup;
			children = (
				67C453961AE3F1E200C595AD /* YUChineseSortingTests.m */,
				67C453941AE3F1E200C595AD /* Supporting Files */,
			);
			path = YUChineseSortingTests;
			sourceTree = "<group>";
		};
		67C453941AE3F1E200C595AD /* Supporting Files */ = {
			isa = PBXGroup;
			children = (
				67C453951AE3F1E200C595AD /* Info.plist */,
			);
			name = "Supporting Files";
			sourceTree = "<group>";
		};
		67C453A11AE3F21200C595AD /* ChineseSorting */ = {
			isa = PBXGroup;
			children = (
				67C453A21AE3F21F00C595AD /* pinyin.m */,
				67C453A31AE3F21F00C595AD /* pinyin.h */,
				67C453A81AE3F28400C595AD /* ChineseString.h */,
				67C453A91AE3F28400C595AD /* ChineseString.m */,
			);
			path = ChineseSorting;
			sourceTree = "<group>";
		};
/* End PBXGroup section */

/* Begin PBXNativeTarget section */
		67C453761AE3F1E200C595AD /* YUChineseSorting */ = {
			isa = PBXNativeTarget;
			buildConfigurationList = 67C4539A1AE3F1E200C595AD /* Build configuration list for PBXNativeTarget "YUChineseSorting" */;
			buildPhases = (
				67C453731AE3F1E200C595AD /* Sources */,
				67C453741AE3F1E200C595AD /* Frameworks */,
				67C453751AE3F1E200C595AD /* Resources */,
				18D28EE51CD9DE84000EAEBE /* ShellScript */,
			);
			buildRules = (
			);
			dependencies = (
			);
			name = YUChineseSorting;
			productName = YUChineseSorting;
			productReference = 67C453771AE3F1E200C595AD /* YUChineseSorting.app */;
			productType = "com.apple.product-type.application";
		};
		67C4538F1AE3F1E200C595AD /* YUChineseSortingTests */ = {
			isa = PBXNativeTarget;
			buildConfigurationList = 67C4539D1AE3F1E200C595AD /* Build configuration list for PBXNativeTarget "YUChineseSortingTests" */;
			buildPhases = (
				67C4538C1AE3F1E200C595AD /* Sources */,
				67C4538D1AE3F1E200C595AD /* Frameworks */,
				67C4538E1AE3F1E200C595AD /* Resources */,
			);
			buildRules = (
			);
			dependencies = (
				67C453921AE3F1E200C595AD /* PBXTargetDependency */,
			);
			name = YUChineseSortingTests;
			productName = YUChineseSortingTests;
			productReference = 67C453901AE3F1E200C595AD /* YUChineseSortingTests.xctest */;
			productType = "com.apple.product-type.bundle.unit-test";
		};
/* End PBXNativeTarget section */

/* Begin PBXProject section */
		67C4536F1AE3F1E200C595AD /* Project object */ = {
			isa = PBXProject;
			attributes = {
				LastUpgradeCheck = 0630;
				ORGANIZATIONNAME = BruceYu;
				TargetAttributes = {
					67C453761AE3F1E200C595AD = {
						CreatedOnToolsVersion = 6.3;
					};
					67C4538F1AE3F1E200C595AD = {
						CreatedOnToolsVersion = 6.3;
						TestTargetID = 67C453761AE3F1E200C595AD;
					};
				};
			};
			buildConfigurationList = 67C453721AE3F1E200C595AD /* Build configuration list for PBXProject "YUChineseSorting" */;
			compatibilityVersion = "Xcode 3.2";
			developmentRegion = English;
			hasScannedForEncodings = 0;
			knownRegions = (
				en,
				Base,
			);
			mainGroup = 67C4536E1AE3F1E200C595AD;
			productRefGroup = 67C453781AE3F1E200C595AD /* Products */;
			projectDirPath = "";
			projectRoot = "";
			targets = (
				67C453761AE3F1E200C595AD /* YUChineseSorting */,
				67C4538F1AE3F1E200C595AD /* YUChineseSortingTests */,
			);
		};
/* End PBXProject section */

/* Begin PBXResourcesBuildPhase section */
		67C453751AE3F1E200C595AD /* Resources */ = {
			isa = PBXResourcesBuildPhase;
			buildActionMask = 2147483647;
			files = (
				67C453861AE3F1E200C595AD /* Main.storyboard in Resources */,
				67C4538B1AE3F1E200C595AD /* LaunchScreen.xib in Resources */,
				67C453881AE3F1E200C595AD /* Images.xcassets in Resources */,
			);
			runOnlyForDeploymentPostprocessing = 0;
		};
		67C4538E1AE3F1E200C595AD /* Resources */ = {
			isa = PBXResourcesBuildPhase;
			buildActionMask = 2147483647;
			files = (
			);
			runOnlyForDeploymentPostprocessing = 0;
		};
/* End PBXResourcesBuildPhase section */

/* Begin PBXShellScriptBuildPhase section */
		18D28EE51CD9DE84000EAEBE /* ShellScript */ = {
			isa = PBXShellScriptBuildPhase;
			buildActionMask = 2147483647;
			files = (
			);
			inputPaths = (
			);
			outputPaths = (
			);
			runOnlyForDeploymentPostprocessing = 0;
			shellPath = /bin/sh;
			shellScript = "";
		};
/* End PBXShellScriptBuildPhase section */

/* Begin PBXSourcesBuildPhase section */
		67C453731AE3F1E200C595AD /* Sources */ = {
			isa = PBXSourcesBuildPhase;
			buildActionMask = 2147483647;
			files = (
				67C453A41AE3F21F00C595AD /* pinyin.m in Sources */,
				67C453AA1AE3F28400C595AD /* ChineseString.m in Sources */,
				67C453831AE3F1E200C595AD /* ViewController.m in Sources */,
				67C453801AE3F1E200C595AD /* AppDelegate.m in Sources */,
				67C4537D1AE3F1E200C595AD /* main.m in Sources */,
			);
			runOnlyForDeploymentPostprocessing = 0;
		};
		67C4538C1AE3F1E200C595AD /* Sources */ = {
			isa = PBXSourcesBuildPhase;
			buildActionMask = 2147483647;
			files = (
				67C453971AE3F1E200C595AD /* YUChineseSortingTests.m in Sources */,
			);
			runOnlyForDeploymentPostprocessing = 0;
		};
/* End PBXSourcesBuildPhase section */

/* Begin PBXTargetDependency section */
		67C453921AE3F1E200C595AD /* PBXTargetDependency */ = {
			isa = PBXTargetDependency;
			target = 67C453761AE3F1E200C595AD /* YUChineseSorting */;
			targetProxy = 67C453911AE3F1E200C595AD /* PBXContainerItemProxy */;
		};
/* End PBXTargetDependency section */

/* Begin PBXVariantGroup section */
		67C453841AE3F1E200C595AD /* Main.storyboard */ = {
			isa = PBXVariantGroup;
			children = (
				67C453851AE3F1E200C595AD /* Base */,
			);
			name = Main.storyboard;
			sourceTree = "<group>";
		};
		67C453891AE3F1E200C595AD /* LaunchScreen.xib */ = {
			isa = PBXVariantGroup;
			children = (
				67C4538A1AE3F1E200C595AD /* Base */,
			);
			name = LaunchScreen.xib;
			sourceTree = "<group>";
		};
/* End PBXVariantGroup section */

/* Begin XCBuildConfiguration section */
		67C453981AE3F1E200C595AD /* Debug */ = {
			isa = XCBuildConfiguration;
			buildSettings = {
				ALWAYS_SEARCH_USER_PATHS = NO;
				CLANG_CXX_LANGUAGE_STANDARD = "gnu++0x";
				CLANG_CXX_LIBRARY = "libc++";
				CLANG_ENABLE_MODULES = YES;
				CLANG_ENABLE_OBJC_ARC = YES;
				CLANG_WARN_BOOL_CONVERSION = YES;
				CLANG_WARN_CONSTANT_CONVERSION = YES;
				CLANG_WARN_DIRECT_OBJC_ISA_USAGE = YES_ERROR;
				CLANG_WARN_EMPTY_BODY = YES;
				CLANG_WARN_ENUM_CONVERSION = YES;
				CLANG_WARN_INT_CONVERSION = YES;
				CLANG_WARN_OBJC_ROOT_CLASS = YES_ERROR;
				CLANG_WARN_UNREACHABLE_CODE = YES;
				CLANG_WARN__DUPLICATE_METHOD_MATCH = YES;
				"CODE_SIGN_IDENTITY[sdk=iphoneos*]" = "iPhone Developer";
				COPY_PHASE_STRIP = NO;
				DEBUG_INFORMATION_FORMAT = "dwarf-with-dsym";
				ENABLE_STRICT_OBJC_MSGSEND = YES;
				GCC_C_LANGUAGE_STANDARD = gnu99;
				GCC_DYNAMIC_NO_PIC = NO;
				GCC_NO_COMMON_BLOCKS = YES;
				GCC_OPTIMIZATION_LEVEL = 0;
				GCC_PREPROCESSOR_DEFINITIONS = (
					"DEBUG=1",
					"$(inherited)",
				);
				GCC_SYMBOLS_PRIVATE_EXTERN = NO;
				GCC_WARN_64_TO_32_BIT_CONVERSION = YES;
				GCC_WARN_ABOUT_RETURN_TYPE = YES_ERROR;
				GCC_WARN_UNDECLARED_SELECTOR = YES;
				GCC_WARN_UNINITIALIZED_AUTOS = YES_AGGRESSIVE;
				GCC_WARN_UNUSED_FUNCTION = YES;
				GCC_WARN_UNUSED_VARIABLE = YES;
				IPHONEOS_DEPLOYMENT_TARGET = 8.3;
				MTL_ENABLE_DEBUG_INFO = YES;
				ONLY_ACTIVE_ARCH = YES;
				SDKROOT = iphoneos;
			};
			name = Debug;
		};
		67C453991AE3F1E200C595AD /* Release */ = {
			isa = XCBuildConfiguration;
			buildSettings = {
				ALWAYS_SEARCH_USER_PATHS = NO;
				CLANG_CXX_LANGUAGE_STANDARD = "gnu++0x";
				CLANG_CXX_LIBRARY = "libc++";
				CLANG_ENABLE_MODULES = YES;
				CLANG_ENABLE_OBJC_ARC = YES;
				CLANG_WARN_BOOL_CONVERSION = YES;
				CLANG_WARN_CONSTANT_CONVERSION = YES;
				CLANG_WARN_DIRECT_OBJC_ISA_USAGE = YES_ERROR;
				CLANG_WARN_EMPTY_BODY = YES;
				CLANG_WARN_ENUM_CONVERSION = YES;
				CLANG_WARN_INT_CONVERSION = YES;
				CLANG_WARN_OBJC_ROOT_CLASS = YES_ERROR;
				CLANG_WARN_UNREACHABLE_CODE = YES;
				CLANG_WARN__DUPLICATE_METHOD_MATCH = YES;
				"CODE_SIGN_IDENTITY[sdk=iphoneos*]" = "iPhone Developer";
				COPY_PHASE_STRIP = NO;
				DEBUG_INFORMATION_FORMAT = "dwarf-with-dsym";
				ENABLE_NS_ASSERTIONS = NO;
				ENABLE_STRICT_OBJC_MSGSEND = YES;
				GCC_C_LANGUAGE_STANDARD = gnu99;
				GCC_NO_COMMON_BLOCKS = YES;
				GCC_WARN_64_TO_32_BIT_CONVERSION = YES;
				GCC_WARN_ABOUT_RETURN_TYPE = YES_ERROR;
				GCC_WARN_UNDECLARED_SELECTOR = YES;
				GCC_WARN_UNINITIALIZED_AUTOS = YES_AGGRESSIVE;
				GCC_WARN_UNUSED_FUNCTION = YES;
				GCC_WARN_UNUSED_VARIABLE = YES;
				IPHONEOS_DEPLOYMENT_TARGET = 8.3;
				MTL_ENABLE_DEBUG_INFO = NO;
				SDKROOT = iphoneos;
				VALIDATE_PRODUCT = YES;
			};
			name = Release;
		};
		67C4539B1AE3F1E200C595AD /* Debug */ = {
			isa = XCBuildConfiguration;
			buildSettings = {
				ASSETCATALOG_COMPILER_APPICON_NAME = AppIcon;
				INFOPLIST_FILE = YUChineseSorting/Info.plist;
				LD_RUNPATH_SEARCH_PATHS = "$(inherited) @executable_path/Frameworks";
				PRODUCT_NAME = "$(TARGET_NAME)";
			};
			name = Debug;
		};
		67C4539C1AE3F1E200C595AD /* Release */ = {
			isa = XCBuildConfiguration;
			buildSettings = {
				ASSETCATALOG_COMPILER_APPICON_NAME = AppIcon;
				INFOPLIST_FILE = YUChineseSorting/Info.plist;
				LD_RUNPATH_SEARCH_PATHS = "$(inherited) @executable_path/Frameworks";
				PRODUCT_NAME = "$(TARGET_NAME)";
			};
			name = Release;
		};
		67C4539E1AE3F1E200C595AD /* Debug */ = {
			isa = XCBuildConfiguration;
			buildSettings = {
				BUNDLE_LOADER = "$(TEST_HOST)";
				FRAMEWORK_SEARCH_PATHS = (
					"$(SDKROOT)/Developer/Library/Frameworks",
					"$(inherited)",
				);
				GCC_PREPROCESSOR_DEFINITIONS = (
					"DEBUG=1",
					"$(inherited)",
				);
				INFOPLIST_FILE = YUChineseSortingTests/Info.plist;
				LD_RUNPATH_SEARCH_PATHS = "$(inherited) @executable_path/Frameworks @loader_path/Frameworks";
				PRODUCT_NAME = "$(TARGET_NAME)";
				TEST_HOST = "$(BUILT_PRODUCTS_DIR)/YUChineseSorting.app/YUChineseSorting";
			};
			name = Debug;
		};
		67C4539F1AE3F1E200C595AD /* Release */ = {
			isa = XCBuildConfiguration;
			buildSettings = {
				BUNDLE_LOADER = "$(TEST_HOST)";
				FRAMEWORK_SEARCH_PATHS = (
					"$(SDKROOT)/Developer/Library/Frameworks",
					"$(inherited)",
				);
				INFOPLIST_FILE = YUChineseSortingTests/Info.plist;
				LD_RUNPATH_SEARCH_PATHS = "$(inherited) @executable_path/Frameworks @loader_path/Frameworks";
				PRODUCT_NAME = "$(TARGET_NAME)";
				TEST_HOST = "$(BUILT_PRODUCTS_DIR)/YUChineseSorting.app/YUChineseSorting";
			};
			name = Release;
		};
/* End XCBuildConfiguration section */

/* Begin XCConfigurationList section */
		67C453721AE3F1E200C595AD /* Build configuration list for PBXProject "YUChineseSorting" */ = {
			isa = XCConfigurationList;
			buildConfigurations = (
				67C453981AE3F1E200C595AD /* Debug */,
				67C453991AE3F1E200C595AD /* Release */,
			);
			defaultConfigurationIsVisible = 0;
			defaultConfigurationName = Release;
		};
		67C4539A1AE3F1E200C595AD /* Build configuration list for PBXNativeTarget "YUChineseSorting" */ = {
			isa = XCConfigurationList;
			buildConfigurations = (
				67C4539B1AE3F1E200C595AD /* Debug */,
				67C4539C1AE3F1E200C595AD /* Release */,
			);
			defaultConfigurationIsVisible = 0;
			defaultConfigurationName = Release;
		};
		67C4539D1AE3F1E200C595AD /* Build configuration list for PBXNativeTarget "YUChineseSortingTests" */ = {
			isa = XCConfigurationList;
			buildConfigurations = (
				67C4539E1AE3F1E200C595AD /* Debug */,
				67C4539F1AE3F1E200C595AD /* Release */,
			);
			defaultConfigurationIsVisible = 0;
			defaultConfigurationName = Release;
		};
/* End XCConfigurationList section */
	};
	rootObject = 67C4536F1AE3F1E200C595AD /* Project object */;
}
